affine==3.0.0
annotated-types==0.8.0
attrs==26.1.0
certifi==2026.7.22
cffi==2.1.1
cftime==1.6.5
click==8.4.2
click-plugins==1.1.1.2
cligj==0.7.2
cryptography==46.0.3
duckdb==1.5.4
geopandas==1.0.1
iniconfig==2.3.0
jsonschema==4.25.1
jsonschema-specifications==2025.9.1
morecantile==6.2.0
netCDF4==1.7.2
numpy==1.26.4
packaging==26.3
pandas==2.3.2
pluggy==1.6.0
pyarrow==16.1.0
pycparser==3.0
pydantic==2.13.4
pydantic_core==2.46.4
pyogrio==0.13.0
pyparsing==3.3.2
pyproj==3.6.1
pytest==8.3.5
python-dateutil==2.9.0.post0
pytz==2026.3.post1
rasterio==1.4.3
referencing==0.37.0
rio-cogeo==5.4.2
rpds-py==2026.6.3
shapely==2.0.7
six==1.17.0
typing-inspection==0.4.4
typing_extensions==4.16.0
tzdata==2026.3
xarray==2024.7.0
